
Microsoft Visual Studio Solution File, Format Version 12.00
# Visual Studio Express 2012 for Web
Project("{FAE04EC0-301F-11D3-BF4B-00C04F79EFBC}") = "ShowMeSomethingNew", "ShowMeSomethingNew\ShowMeSomethingNew.csproj", "{A2735B40-7D27-4B44-94EA-12008607B07D}"
EndProject
Project("{FAE04EC0-301F-11D3-BF4B-00C04F79EFBC}") = "Data", "..\Data\Data.csproj", "{D1796573-99B6-4E5A-9606-D68550E133C7}"
EndProject
Global
	GlobalSection(SolutionConfigurationPlatforms) = preSolution
		Debug|Any CPU = Debug|Any CPU
		Release|Any CPU = Release|Any CPU
	EndGlobalSection
	GlobalSection(ProjectConfigurationPlatforms) = postSolution
		{A2735B40-7D27-4B44-94EA-12008607B07D}.Debug|Any CPU.ActiveCfg = Debug|Any CPU
		{A2735B40-7D27-4B44-94EA-12008607B07D}.Debug|Any CPU.Build.0 = Debug|Any CPU
		{A2735B40-7D27-4B44-94EA-12008607B07D}.Release|Any CPU.ActiveCfg = Release|Any CPU
		{A2735B40-7D27-4B44-94EA-12008607B07D}.Release|Any CPU.Build.0 = Release|Any CPU
		{D1796573-99B6-4E5A-9606-D68550E133C7}.Debug|Any CPU.ActiveCfg = Debug|Any CPU
		{D1796573-99B6-4E5A-9606-D68550E133C7}.Debug|Any CPU.Build.0 = Debug|Any CPU
		{D1796573-99B6-4E5A-9606-D68550E133C7}.Release|Any CPU.ActiveCfg = Release|Any CPU
		{D1796573-99B6-4E5A-9606-D68550E133C7}.Release|Any CPU.Build.0 = Release|Any CPU
	EndGlobalSection
	GlobalSection(SolutionProperties) = preSolution
		HideSolutionNode = FALSE
	EndGlobalSection
EndGlobal
